// !$*UTF8*$!
{
	archiveVersion = 1;
	classes = {
	};
	objectVersion = 50;
	objects = {

/* Begin PBXBuildFile section */
		CE0FA0EE26175E2300DDF8BB /* SecondViewController.swift in Sources */ = {isa = PBXBuildFile; fileRef = CE0FA0ED26175E2300DDF8BB /* SecondViewController.swift */; };
		CEC0E1CD26162CBD00677A52 /* AppDelegate.swift in Sources */ = {isa = PBXBuildFile; fileRef = CEC0E1CC26162CBD00677A52 /* AppDelegate.swift */; };
		CEC0E1CF26162CBD00677A52 /* SceneDelegate.swift in Sources */ = {isa = PBXBuildFile; fileRef = CEC0E1CE26162CBD00677A52 /* SceneDelegate.swift */; };
		CEC0E1D126162CBD00677A52 /* ViewController.swift in Sources */ = {isa = PBXBuildFile; fileRef = CEC0E1D026162CBD00677A52 /* ViewController.swift */; };
		CEC0E1D426162CBD00677A52 /* Main.storyboard in Resources */ = {isa = PBXBuildFile; fileRef = CEC0E1D226162CBD00677A52 /* Main.storyboard */; };
		CEC0E1D626162CBE00677A52 /* Assets.xcassets in Resources */ = {isa = PBXBuildFile; fileRef = CEC0E1D526162CBE00677A52 /* Assets.xcassets */; };
		CEC0E1D926162CBE00677A52 /* LaunchScreen.storyboard in Resources */ = {isa = PBXBuildFile; fileRef = CEC0E1D726162CBE00677A52 /* LaunchScreen.storyboard */; };
		CEC0E1E326162E5700677A52 /* CollectionViewCell.swift in Sources */ = {isa = PBXBuildFile; fileRef = CEC0E1E226162E5700677A52 /* CollectionViewCell.swift */; };
		CEF360F02621AA07003D3F60 /* ViewController3.swift in Sources */ = {isa = PBXBuildFile; fileRef = CEF360EF2621AA07003D3F60 /* ViewController3.swift */; };
/* End PBXBuildFile section */

/* Begin PBXFileReference section */
		CE0FA0ED26175E2300DDF8BB /* SecondViewController.swift */ = {isa = PBXFileReference; lastKnownFileType = sourcecode.swift; path = SecondViewController.swift; sourceTree = "<group>"; };
		CEC0E1C926162CBD00677A52 /* CollectionVIewProject.app */ = {isa = PBXFileReference; explicitFileType = wrapper.application; includeInIndex = 0; path = CollectionVIewProject.app; sourceTree = BUILT_PRODUCTS_DIR; };
		CEC0E1CC26162CBD00677A52 /* AppDelegate.swift */ = {isa = PBXFileReference; lastKnownFileType = sourcecode.swift; path = AppDelegate.swift; sourceTree = "<group>"; };
		CEC0E1CE26162CBD00677A52 /* SceneDelegate.swift */ = {isa = PBXFileReference; lastKnownFileType = sourcecode.swift; path = SceneDelegate.swift; sourceTree = "<group>"; };
		CEC0E1D026162CBD00677A52 /* ViewController.swift */ = {isa = PBXFileReference; lastKnownFileType = sourcecode.swift; path = ViewController.swift; sourceTree = "<group>"; };
		CEC0E1D326162CBD00677A52 /* Base */ = {isa = PBXFileReference; lastKnownFileType = file.storyboard; name = Base; path = Base.lproj/Main.storyboard; sourceTree = "<group>"; };
		CEC0E1D526162CBE00677A52 /* Assets.xcassets */ = {isa = PBXFileReference; lastKnownFileType = folder.assetcatalog; path = Assets.xcassets; sourceTree = "<group>"; };
		CEC0E1D826162CBE00677A52 /* Base */ = {isa = PBXFileReference; lastKnownFileType = file.storyboard; name = Base; path = Base.lproj/LaunchScreen.storyboard; sourceTree = "<group>"; };
		CEC0E1DA26162CBE00677A52 /* Info.plist */ = {isa = PBXFileReference; lastKnownFileType = text.plist.xml; path = Info.plist; sourceTree = "<group>"; };
		CEC0E1E226162E5700677A52 /* CollectionViewCell.swift */ = {isa = PBXFileReference; lastKnownFileType = sourcecode.swift; path = CollectionViewCell.swift; sourceTree = "<group>"; };
		CEF360EF2621AA07003D3F60 /* ViewController3.swift */ = {isa = PBXFileReference; lastKnownFileType = sourcecode.swift; path = ViewController3.swift; sourceTree = "<group>"; };
/* End PBXFileReference section */

/* Begin PBXFrameworksBuildPhase section */
		CEC0E1C626162CBD00677A52 /* Frameworks */ = {
			isa = PBXFrameworksBuildPhase;
			buildActionMask = 2147483647;
			files = (
			);
			runOnlyForDeploymentPostprocessing = 0;
		};
/* End PBXFrameworksBuildPhase section */

/* Begin PBXGroup section */
		CEC0E1C026162CBD00677A52 = {
			isa = PBXGroup;
			children = (
				CEC0E1CB26162CBD00677A52 /* CollectionVIewProject */,
				CEC0E1CA26162CBD00677A52 /* Products */,
			);
			sourceTree = "<group>";
		};
		CEC0E1CA26162CBD00677A52 /* Products */ = {
			isa = PBXGroup;
			children = (
				CEC0E1C926162CBD00677A52 /* CollectionVIewProject.app */,
			);
			name = Products;
			sourceTree = "<group>";
		};
		CEC0E1CB26162CBD00677A52 /* CollectionVIewProject */ = {
			isa = PBXGroup;
			children = (
				CEC0E1CC26162CBD00677A52 /* AppDelegate.swift */,
				CEC0E1CE26162CBD00677A52 /* SceneDelegate.swift */,
				CEC0E1D026162CBD00677A52 /* ViewController.swift */,
				CEF360EF2621AA07003D3F60 /* ViewController3.swift */,
				CE0FA0ED26175E2300DDF8BB /* SecondViewController.swift */,
				CEC0E1E226162E5700677A52 /* CollectionViewCell.swift */,
				CEC0E1D226162CBD00677A52 /* Main.storyboard */,
				CEC0E1D526162CBE00677A52 /* Assets.xcassets */,
				CEC0E1D726162CBE00677A52 /* LaunchScreen.storyboard */,
				CEC0E1DA26162CBE00677A52 /* Info.plist */,
			);
			path = CollectionVIewProject;
			sourceTree = "<group>";
		};
/* End PBXGroup section */

/* Begin PBXNativeTarget section */
		CEC0E1C826162CBD00677A52 /* CollectionVIewProject */ = {
			isa = PBXNativeTarget;
			buildConfigurationList = CEC0E1DD26162CBE00677A52 /* Build configuration list for PBXNativeTarget "CollectionVIewProject" */;
			buildPhases = (
				CEC0E1C526162CBD00677A52 /* Sources */,
				CEC0E1C626162CBD00677A52 /* Frameworks */,
				CEC0E1C726162CBD00677A52 /* Resources */,
			);
			buildRules = (
			);
			dependencies = (
			);
			name = CollectionVIewProject;
			productName = CollectionVIewProject;
			productReference = CEC0E1C926162CBD00677A52 /* CollectionVIewProject.app */;
			productType = "com.apple.product-type.application";
		};
/* End PBXNativeTarget section */

/* Begin PBXProject section */
		CEC0E1C126162CBD00677A52 /* Project object */ = {
			isa = PBXProject;
			attributes = {
				LastSwiftUpdateCheck = 1240;
				LastUpgradeCheck = 1240;
				TargetAttributes = {
					CEC0E1C826162CBD00677A52 = {
						CreatedOnToolsVersion = 12.4;
					};
				};
			};
			buildConfigurationList = CEC0E1C426162CBD00677A52 /* Build configuration list for PBXProject "CollectionVIewProject" */;
			compatibilityVersion = "Xcode 9.3";
			developmentRegion = en;
			hasScannedForEncodings = 0;
			knownRegions = (
				en,
				Base,
			);
			mainGroup = CEC0E1C026162CBD00677A52;
			productRefGroup = CEC0E1CA26162CBD00677A52 /* Products */;
			projectDirPath = "";
			projectRoot = "";
			targets = (
				CEC0E1C826162CBD00677A52 /* CollectionVIewProject */,
			);
		};
/* End PBXProject section */

/* Begin PBXResourcesBuildPhase section */
		CEC0E1C726162CBD00677A52 /* Resources */ = {
			isa = PBXResourcesBuildPhase;
			buildActionMask = 2147483647;
			files = (
				CEC0E1D926162CBE00677A52 /* LaunchScreen.storyboard in Resources */,
				CEC0E1D626162CBE00677A52 /* Assets.xcassets in Resources */,
				CEC0E1D426162CBD00677A52 /* Main.storyboard in Resources */,
			);
			runOnlyForDeploymentPostprocessing = 0;
		};
/* End PBXResourcesBuildPhase section */

/* Begin PBXSourcesBuildPhase section */
		CEC0E1C526162CBD00677A52 /* Sources */ = {
			isa = PBXSourcesBuildPhase;
			buildActionMask = 2147483647;
			files = (
				CEC0E1D126162CBD00677A52 /* ViewController.swift in Sources */,
				CEC0E1CD26162CBD00677A52 /* AppDelegate.swift in Sources */,
				CEF360F02621AA07003D3F60 /* ViewController3.swift in Sources */,
				CEC0E1E326162E5700677A52 /* CollectionViewCell.swift in Sources */,
				CE0FA0EE26175E2300DDF8BB /* SecondViewController.swift in Sources */,
				CEC0E1CF26162CBD00677A52 /* SceneDelegate.swift in Sources */,
			);
			runOnlyForDeploymentPostprocessing = 0;
		};
/* End PBXSourcesBuildPhase section */

/* Begin PBXVariantGroup section */
		CEC0E1D226162CBD00677A52 /* Main.storyboard */ = {
			isa = PBXVariantGroup;
			children = (
				CEC0E1D326162CBD00677A52 /* Base */,
			);
			name = Main.storyboard;
			sourceTree = "<group>";
		};
		CEC0E1D726162CBE00677A52 /* LaunchScreen.storyboard */ = {
			isa = PBXVariantGroup;
			children = (
				CEC0E1D826162CBE00677A52 /* Base */,
			);
			name = LaunchScreen.storyboard;
			sourceTree = "<group>";
		};
/* End PBXVariantGroup section */

/* Begin XCBuildConfiguration section */
		CEC0E1DB26162CBE00677A52 /* Debug */ = {
			isa = XCBuildConfiguration;
			buildSettings = {
				ALWAYS_SEARCH_USER_PATHS = NO;
				CLANG_ANALYZER_NONNULL = YES;
				CLANG_ANALYZER_NUMBER_OBJECT_CONVERSION = YES_AGGRESSIVE;
				CLANG_CXX_LANGUAGE_STANDARD = "gnu++14";
				CLANG_CXX_LIBRARY = "libc++";
				CLANG_ENABLE_MODULES = YES;
				CLANG_ENABLE_OBJC_ARC = YES;
				CLANG_ENABLE_OBJC_WEAK = YES;
				CLANG_WARN_BLOCK_CAPTURE_AUTORELEASING = YES;
				CLANG_WARN_BOOL_CONVERSION = YES;
				CLANG_WARN_COMMA = YES;
				CLANG_WARN_CONSTANT_CONVERSION = YES;
				CLANG_WARN_DEPRECATED_OBJC_IMPLEMENTATIONS = YES;
				CLANG_WARN_DIRECT_OBJC_ISA_USAGE = YES_ERROR;
				CLANG_WARN_DOCUMENTATION_COMMENTS = YES;
				CLANG_WARN_EMPTY_BODY = YES;
				CLANG_WARN_ENUM_CONVERSION = YES;
				CLANG_WARN_INFINITE_RECURSION = YES;
				CLANG_WARN_INT_CONVERSION = YES;
				CLANG_WARN_NON_LITERAL_NULL_CONVERSION = YES;
				CLANG_WARN_OBJC_IMPLICIT_RETAIN_SELF = YES;
				CLANG_WARN_OBJC_LITERAL_CONVERSION = YES;
				CLANG_WARN_OBJC_ROOT_CLASS = YES_ERROR;
				CLANG_WARN_QUOTED_INCLUDE_IN_FRAMEWORK_HEADER = YES;
				CLANG_WARN_RANGE_LOOP_ANALYSIS = YES;
				CLANG_WARN_STRICT_PROTOTYPES = YES;
				CLANG_WARN_SUSPICIOUS_MOVE = YES;
				CLANG_WARN_UNGUARDED_AVAILABILITY = YES_AGGRESSIVE;
				CLANG_WARN_UNREACHABLE_CODE = YES;
				CLANG_WARN__DUPLICATE_METHOD_MATCH = YES;
				COPY_PHASE_STRIP = NO;
				DEBUG_INFORMATION_FORMAT = dwarf;
				ENABLE_STRICT_OBJC_MSGSEND = YES;
				ENABLE_TESTABILITY = YES;
				GCC_C_LANGUAGE_STANDARD = gnu11;
				GCC_DYNAMIC_NO_PIC = NO;
				GCC_NO_COMMON_BLOCKS = YES;
				GCC_OPTIMIZATION_LEVEL = 0;
				GCC_PREPROCESSOR_DEFINITIONS = (
					"DEBUG=1",
					"$(inherited)",
				);
				GCC_WARN_64_TO_32_BIT_CONVERSION = YES;
				GCC_WARN_ABOUT_RETURN_TYPE = YES_ERROR;
				GCC_WARN_UNDECLARED_SELECTOR = YES;
				GCC_WARN_UNINITIALIZED_AUTOS = YES_AGGRESSIVE;
				GCC_WARN_UNUSED_FUNCTION = YES;
				GCC_WARN_UNUSED_VARIABLE = YES;
				IPHONEOS_DEPLOYMENT_TARGET = 14.4;
				MTL_ENABLE_DEBUG_INFO = INCLUDE_SOURCE;
				MTL_FAST_MATH = YES;
				ONLY_ACTIVE_ARCH = YES;
				SDKROOT = iphoneos;
				SWIFT_ACTIVE_COMPILATION_CONDITIONS = DEBUG;
				SWIFT_OPTIMIZATION_LEVEL = "-Onone";
			};
			name = Debug;
		};
		CEC0E1DC26162CBE00677A52 /* Release */ = {
			isa = XCBuildConfiguration;
			buildSettings = {
				ALWAYS_SEARCH_USER_PATHS = NO;
				CLANG_ANALYZER_NONNULL = YES;
				CLANG_ANALYZER_NUMBER_OBJECT_CONVERSION = YES_AGGRESSIVE;
				CLANG_CXX_LANGUAGE_STANDARD = "gnu++14";
				CLANG_CXX_LIBRARY = "libc++";
				CLANG_ENABLE_MODULES = YES;
				CLANG_ENABLE_OBJC_ARC = YES;
				CLANG_ENABLE_OBJC_WEAK = YES;
				CLANG_WARN_BLOCK_CAPTURE_AUTORELEASING = YES;
				CLANG_WARN_BOOL_CONVERSION = YES;
				CLANG_WARN_COMMA = YES;
				CLANG_WARN_CONSTANT_CONVERSION = YES;
				CLANG_WARN_DEPRECATED_OBJC_IMPLEMENTATIONS = YES;
				CLANG_WARN_DIRECT_OBJC_ISA_USAGE = YES_ERROR;
				CLANG_WARN_DOCUMENTATION_COMMENTS = YES;
				CLANG_WARN_EMPTY_BODY = YES;
				CLANG_WARN_ENUM_CONVERSION = YES;
				CLANG_WARN_INFINITE_RECURSION = YES;
				CLANG_WARN_INT_CONVERSION = YES;
				CLANG_WARN_NON_LITERAL_NULL_CONVERSION = YES;
				CLANG_WARN_OBJC_IMPLICIT_RETAIN_SELF = YES;
				CLANG_WARN_OBJC_LITERAL_CONVERSION = YES;
				CLANG_WARN_OBJC_ROOT_CLASS = YES_ERROR;
				CLANG_WARN_QUOTED_INCLUDE_IN_FRAMEWORK_HEADER = YES;
				CLANG_WARN_RANGE_LOOP_ANALYSIS = YES;
				CLANG_WARN_STRICT_PROTOTYPES = YES;
				CLANG_WARN_SUSPICIOUS_MOVE = YES;
				CLANG_WARN_UNGUARDED_AVAILABILITY = YES_AGGRESSIVE;
				CLANG_WARN_UNREACHABLE_CODE = YES;
				CLANG_WARN__DUPLICATE_METHOD_MATCH = YES;
				COPY_PHASE_STRIP = NO;
				DEBUG_INFORMATION_FORMAT = "dwarf-with-dsym";
				ENABLE_NS_ASSERTIONS = NO;
				ENABLE_STRICT_OBJC_MSGSEND = YES;
				GCC_C_LANGUAGE_STANDARD = gnu11;
				GCC_NO_COMMON_BLOCKS = YES;
				GCC_WARN_64_TO_32_BIT_CONVERSION = YES;
				GCC_WARN_ABOUT_RETURN_TYPE = YES_ERROR;
				GCC_WARN_UNDECLARED_SELECTOR = YES;
				GCC_WARN_UNINITIALIZED_AUTOS = YES_AGGRESSIVE;
				GCC_WARN_UNUSED_FUNCTION = YES;
				GCC_WARN_UNUSED_VARIABLE = YES;
				IPHONEOS_DEPLOYMENT_TARGET = 14.4;
				MTL_ENABLE_DEBUG_INFO = NO;
				MTL_FAST_MATH = YES;
				SDKROOT = iphoneos;
				SWIFT_COMPILATION_MODE = wholemodule;
				SWIFT_OPTIMIZATION_LEVEL = "-O";
				VALIDATE_PRODUCT = YES;
			};
			name = Release;
		};
		CEC0E1DE26162CBE00677A52 /* Debug */ = {
			isa = XCBuildConfiguration;
			buildSettings = {
				ASSETCATALOG_COMPILER_APPICON_NAME = AppIcon;
				ASSETCATALOG_COMPILER_GLOBAL_ACCENT_COLOR_NAME = AccentColor;
				CODE_SIGN_STYLE = Automatic;
				INFOPLIST_FILE = CollectionVIewProject/Info.plist;
				IPHONEOS_DEPLOYMENT_TARGET = 13.2;
				LD_RUNPATH_SEARCH_PATHS = (
					"$(inherited)",
					"@executable_path/Frameworks",
				);
				PRODUCT_BUNDLE_IDENTIFIER = betall.CollectionVIewProject;
				PRODUCT_NAME = "$(TARGET_NAME)";
				SWIFT_VERSION = 5.0;
				TARGETED_DEVICE_FAMILY = "1,2";
			};
			name = Debug;
		};
		CEC0E1DF26162CBE00677A52 /* Release */ = {
			isa = XCBuildConfiguration;
			buildSettings = {
				ASSETCATALOG_COMPILER_APPICON_NAME = AppIcon;
				ASSETCATALOG_COMPILER_GLOBAL_ACCENT_COLOR_NAME = AccentColor;
				CODE_SIGN_STYLE = Automatic;
				INFOPLIST_FILE = CollectionVIewProject/Info.plist;
				IPHONEOS_DEPLOYMENT_TARGET = 13.2;
				LD_RUNPATH_SEARCH_PATHS = (
					"$(inherited)",
					"@executable_path/Frameworks",
				);
				PRODUCT_BUNDLE_IDENTIFIER = betall.CollectionVIewProject;
				PRODUCT_NAME = "$(TARGET_NAME)";
				SWIFT_VERSION = 5.0;
				TARGETED_DEVICE_FAMILY = "1,2";
			};
			name = Release;
		};
/* End XCBuildConfiguration section */

/* Begin XCConfigurationList section */
		CEC0E1C426162CBD00677A52 /* Build configuration list for PBXProject "CollectionVIewProject" */ = {
			isa = XCConfigurationList;
			buildConfigurations = (
				CEC0E1DB26162CBE00677A52 /* Debug */,
				CEC0E1DC26162CBE00677A52 /* Release */,
			);
			defaultConfigurationIsVisible = 0;
			defaultConfigurationName = Release;
		};
		CEC0E1DD26162CBE00677A52 /* Build configuration list for PBXNativeTarget "CollectionVIewProject" */ = {
			isa = XCConfigurationList;
			buildConfigurations = (
				CEC0E1DE26162CBE00677A52 /* Debug */,
				CEC0E1DF26162CBE00677A52 /* Release */,
			);
			defaultConfigurationIsVisible = 0;
			defaultConfigurationName = Release;
		};
/* End XCConfigurationList section */
	};
	rootObject = CEC0E1C126162CBD00677A52 /* Project object */;
}
